
Microsoft Visual Studio Solution File, Format Version 12.00
# Visual Studio Version 17
VisualStudioVersion = 17.4.33213.308
MinimumVisualStudioVersion = 10.0.40219.1
Project("{888888A0-9F3D-457C-B088-3A5042F75D52}") = "ProgramAssign2", "ProgramAssign2\ProgramAssign2.pyproj", "{1C440E92-7B1D-4448-BBCF-B394C2EB7BAA}"
EndProject
Global
	GlobalSection(SolutionConfigurationPlatforms) = preSolution
		Debug|Any CPU = Debug|Any CPU
		Release|Any CPU = Release|Any CPU
	EndGlobalSection
	GlobalSection(ProjectConfigurationPlatforms) = postSolution
		{1C440E92-7B1D-4448-BBCF-B394C2EB7BAA}.Debug|Any CPU.ActiveCfg = Debug|Any CPU
		{1C440E92-7B1D-4448-BBCF-B394C2EB7BAA}.Release|Any CPU.ActiveCfg = Release|Any CPU
	EndGlobalSection
	GlobalSection(SolutionProperties) = preSolution
		HideSolutionNode = FALSE
	EndGlobalSection
	GlobalSection(ExtensibilityGlobals) = postSolution
		SolutionGuid = {6FAAC975-1BA2-45D4-830F-91B3A32E63EF}
	EndGlobalSection
EndGlobal
