
Microsoft Visual Studio Solution File, Format Version 12.00
# Visual Studio Version 17
VisualStudioVersion = 17.4.33213.308
MinimumVisualStudioVersion = 10.0.40219.1
Project("{888888A0-9F3D-457C-B088-3A5042F75D52}") = "ProgramAssign1Comp", "ProgramAssign1Comp\ProgramAssign1Comp.pyproj", "{02BFF797-3F09-449A-B761-42EE166E0A12}"
EndProject
Global
	GlobalSection(SolutionConfigurationPlatforms) = preSolution
		Debug|Any CPU = Debug|Any CPU
		Release|Any CPU = Release|Any CPU
	EndGlobalSection
	GlobalSection(ProjectConfigurationPlatforms) = postSolution
		{02BFF797-3F09-449A-B761-42EE166E0A12}.Debug|Any CPU.ActiveCfg = Debug|Any CPU
		{02BFF797-3F09-449A-B761-42EE166E0A12}.Release|Any CPU.ActiveCfg = Release|Any CPU
	EndGlobalSection
	GlobalSection(SolutionProperties) = preSolution
		HideSolutionNode = FALSE
	EndGlobalSection
	GlobalSection(ExtensibilityGlobals) = postSolution
		SolutionGuid = {02B33687-F0E3-4E1C-A364-E47868996F13}
	EndGlobalSection
EndGlobal
